// !$*UTF8*$!
{
	archiveVersion = 1;
	classes = {
	};
	objectVersion = 55;
	objects = {

/* Begin PBXBuildFile section */
		2A744DC306E894CB350C77F3 /* Pods_JenkinsDemoTests.framework in Frameworks */ = {isa = PBXBuildFile; fileRef = A625AC524636FABA0B2829EB /* Pods_JenkinsDemoTests.framework */; };
		39570612E51B41338F9BF5FD /* Pods_JenkinsDemo_JenkinsDemoUITests.framework in Frameworks */ = {isa = PBXBuildFile; fileRef = 6EDA3BCA7D5A5A08F68D31D9 /* Pods_JenkinsDemo_JenkinsDemoUITests.framework */; };
		AF5FFC93276DA31A003FA50F /* AppDelegate.swift in Sources */ = {isa = PBXBuildFile; fileRef = AF5FFC92276DA31A003FA50F /* AppDelegate.swift */; };
		AF5FFC95276DA31A003FA50F /* SceneDelegate.swift in Sources */ = {isa = PBXBuildFile; fileRef = AF5FFC94276DA31A003FA50F /* SceneDelegate.swift */; };
		AF5FFC97276DA31A003FA50F /* ViewController.swift in Sources */ = {isa = PBXBuildFile; fileRef = AF5FFC96276DA31A003FA50F /* ViewController.swift */; };
		AF5FFC9A276DA31A003FA50F /* Main.storyboard in Resources */ = {isa = PBXBuildFile; fileRef = AF5FFC98276DA31A003FA50F /* Main.storyboard */; };
		AF5FFC9C276DA31E003FA50F /* Assets.xcassets in Resources */ = {isa = PBXBuildFile; fileRef = AF5FFC9B276DA31E003FA50F /* Assets.xcassets */; };
		AF5FFC9F276DA31E003FA50F /* LaunchScreen.storyboard in Resources */ = {isa = PBXBuildFile; fileRef = AF5FFC9D276DA31E003FA50F /* LaunchScreen.storyboard */; };
		AF5FFCAA276DA31F003FA50F /* JenkinsDemoTests.swift in Sources */ = {isa = PBXBuildFile; fileRef = AF5FFCA9276DA31F003FA50F /* JenkinsDemoTests.swift */; };
		AF5FFCB4276DA31F003FA50F /* JenkinsDemoUITests.swift in Sources */ = {isa = PBXBuildFile; fileRef = AF5FFCB3276DA31F003FA50F /* JenkinsDemoUITests.swift */; };
		AF5FFCB6276DA31F003FA50F /* JenkinsDemoUITestsLaunchTests.swift in Sources */ = {isa = PBXBuildFile; fileRef = AF5FFCB5276DA31F003FA50F /* JenkinsDemoUITestsLaunchTests.swift */; };
		B51ADF0500C2EEF3BE1F0AA0 /* Pods_JenkinsDemo.framework in Frameworks */ = {isa = PBXBuildFile; fileRef = D82C6B03E89801F5ED932297 /* Pods_JenkinsDemo.framework */; };
/* End PBXBuildFile section */

/* Begin PBXContainerItemProxy section */
		AF5FFCA6276DA31E003FA50F /* PBXContainerItemProxy */ = {
			isa = PBXContainerItemProxy;
			containerPortal = AF5FFC87276DA31A003FA50F /* Project object */;
			proxyType = 1;
			remoteGlobalIDString = AF5FFC8E276DA31A003FA50F;
			remoteInfo = JenkinsDemo;
		};
		AF5FFCB0276DA31F003FA50F /* PBXContainerItemProxy */ = {
			isa = PBXContainerItemProxy;
			containerPortal = AF5FFC87276DA31A003FA50F /* Project object */;
			proxyType = 1;
			remoteGlobalIDString = AF5FFC8E276DA31A003FA50F;
			remoteInfo = JenkinsDemo;
		};
/* End PBXContainerItemProxy section */

/* Begin PBXFileReference section */
		0FEC24F52502A7C4FD3FD9B9 /* Pods-JenkinsDemo.release.xcconfig */ = {isa = PBXFileReference; includeInIndex = 1; lastKnownFileType = text.xcconfig; name = "Pods-JenkinsDemo.release.xcconfig"; path = "Target Support Files/Pods-JenkinsDemo/Pods-JenkinsDemo.release.xcconfig"; sourceTree = "<group>"; };
		21BD72AF4DD2B018FA157E16 /* Pods-JenkinsDemo-JenkinsDemoUITests.release.xcconfig */ = {isa = PBXFileReference; includeInIndex = 1; lastKnownFileType = text.xcconfig; name = "Pods-JenkinsDemo-JenkinsDemoUITests.release.xcconfig"; path = "Target Support Files/Pods-JenkinsDemo-JenkinsDemoUITests/Pods-JenkinsDemo-JenkinsDemoUITests.release.xcconfig"; sourceTree = "<group>"; };
		64E3CB7DCE1CCF89AAE91697 /* Pods-JenkinsDemoTests.debug.xcconfig */ = {isa = PBXFileReference; includeInIndex = 1; lastKnownFileType = text.xcconfig; name = "Pods-JenkinsDemoTests.debug.xcconfig"; path = "Target Support Files/Pods-JenkinsDemoTests/Pods-JenkinsDemoTests.debug.xcconfig"; sourceTree = "<group>"; };
		6EDA3BCA7D5A5A08F68D31D9 /* Pods_JenkinsDemo_JenkinsDemoUITests.framework */ = {isa = PBXFileReference; explicitFileType = wrapper.framework; includeInIndex = 0; path = Pods_JenkinsDemo_JenkinsDemoUITests.framework; sourceTree = BUILT_PRODUCTS_DIR; };
		976C5FF287776DBE8316226E /* Pods-JenkinsDemo.debug.xcconfig */ = {isa = PBXFileReference; includeInIndex = 1; lastKnownFileType = text.xcconfig; name = "Pods-JenkinsDemo.debug.xcconfig"; path = "Target Support Files/Pods-JenkinsDemo/Pods-JenkinsDemo.debug.xcconfig"; sourceTree = "<group>"; };
		A625AC524636FABA0B2829EB /* Pods_JenkinsDemoTests.framework */ = {isa = PBXFileReference; explicitFileType = wrapper.framework; includeInIndex = 0; path = Pods_JenkinsDemoTests.framework; sourceTree = BUILT_PRODUCTS_DIR; };
		AF5FFC8F276DA31A003FA50F /* JenkinsDemo.app */ = {isa = PBXFileReference; explicitFileType = wrapper.application; includeInIndex = 0; path = JenkinsDemo.app; sourceTree = BUILT_PRODUCTS_DIR; };
		AF5FFC92276DA31A003FA50F /* AppDelegate.swift */ = {isa = PBXFileReference; lastKnownFileType = sourcecode.swift; path = AppDelegate.swift; sourceTree = "<group>"; };
		AF5FFC94276DA31A003FA50F /* SceneDelegate.swift */ = {isa = PBXFileReference; lastKnownFileType = sourcecode.swift; path = SceneDelegate.swift; sourceTree = "<group>"; };
		AF5FFC96276DA31A003FA50F /* ViewController.swift */ = {isa = PBXFileReference; lastKnownFileType = sourcecode.swift; path = ViewController.swift; sourceTree = "<group>"; };
		AF5FFC99276DA31A003FA50F /* Base */ = {isa = PBXFileReference; lastKnownFileType = file.storyboard; name = Base; path = Base.lproj/Main.storyboard; sourceTree = "<group>"; };
		AF5FFC9B276DA31E003FA50F /* Assets.xcassets */ = {isa = PBXFileReference; lastKnownFileType = folder.assetcatalog; path = Assets.xcassets; sourceTree = "<group>"; };
		AF5FFC9E276DA31E003FA50F /* Base */ = {isa = PBXFileReference; lastKnownFileType = file.storyboard; name = Base; path = Base.lproj/LaunchScreen.storyboard; sourceTree = "<group>"; };
		AF5FFCA0276DA31E003FA50F /* Info.plist */ = {isa = PBXFileReference; lastKnownFileType = text.plist.xml; path = Info.plist; sourceTree = "<group>"; };
		AF5FFCA5276DA31E003FA50F /* JenkinsDemoTests.xctest */ = {isa = PBXFileReference; explicitFileType = wrapper.cfbundle; includeInIndex = 0; path = JenkinsDemoTests.xctest; sourceTree = BUILT_PRODUCTS_DIR; };
		AF5FFCA9276DA31F003FA50F /* JenkinsDemoTests.swift */ = {isa = PBXFileReference; lastKnownFileType = sourcecode.swift; path = JenkinsDemoTests.swift; sourceTree = "<group>"; };
		AF5FFCAF276DA31F003FA50F /* JenkinsDemoUITests.xctest */ = {isa = PBXFileReference; explicitFileType = wrapper.cfbundle; includeInIndex = 0; path = JenkinsDemoUITests.xctest; sourceTree = BUILT_PRODUCTS_DIR; };
		AF5FFCB3276DA31F003FA50F /* JenkinsDemoUITests.swift */ = {isa = PBXFileReference; lastKnownFileType = sourcecode.swift; path = JenkinsDemoUITests.swift; sourceTree = "<group>"; };
		AF5FFCB5276DA31F003FA50F /* JenkinsDemoUITestsLaunchTests.swift */ = {isa = PBXFileReference; lastKnownFileType = sourcecode.swift; path = JenkinsDemoUITestsLaunchTests.swift; sourceTree = "<group>"; };
		CE0B7DB86F82062FC7117265 /* Pods-JenkinsDemo-JenkinsDemoUITests.debug.xcconfig */ = {isa = PBXFileReference; includeInIndex = 1; lastKnownFileType = text.xcconfig; name = "Pods-JenkinsDemo-JenkinsDemoUITests.debug.xcconfig"; path = "Target Support Files/Pods-JenkinsDemo-JenkinsDemoUITests/Pods-JenkinsDemo-JenkinsDemoUITests.debug.xcconfig"; sourceTree = "<group>"; };
		CE5B08520A0D9CB100C1A31C /* Pods-JenkinsDemoTests.release.xcconfig */ = {isa = PBXFileReference; includeInIndex = 1; lastKnownFileType = text.xcconfig; name = "Pods-JenkinsDemoTests.release.xcconfig"; path = "Target Support Files/Pods-JenkinsDemoTests/Pods-JenkinsDemoTests.release.xcconfig"; sourceTree = "<group>"; };
		D82C6B03E89801F5ED932297 /* Pods_JenkinsDemo.framework */ = {isa = PBXFileReference; explicitFileType = wrapper.framework; includeInIndex = 0; path = Pods_JenkinsDemo.framework; sourceTree = BUILT_PRODUCTS_DIR; };
/* End PBXFileReference section */

/* Begin PBXFrameworksBuildPhase section */
		AF5FFC8C276DA31A003FA50F /* Frameworks */ = {
			isa = PBXFrameworksBuildPhase;
			buildActionMask = 2147483647;
			files = (
				B51ADF0500C2EEF3BE1F0AA0 /* Pods_JenkinsDemo.framework in Frameworks */,
			);
			runOnlyForDeploymentPostprocessing = 0;
		};
		AF5FFCA2276DA31E003FA50F /* Frameworks */ = {
			isa = PBXFrameworksBuildPhase;
			buildActionMask = 2147483647;
			files = (
				2A744DC306E894CB350C77F3 /* Pods_JenkinsDemoTests.framework in Frameworks */,
			);
			runOnlyForDeploymentPostprocessing = 0;
		};
		AF5FFCAC276DA31F003FA50F /* Frameworks */ = {
			isa = PBXFrameworksBuildPhase;
			buildActionMask = 2147483647;
			files = (
				39570612E51B41338F9BF5FD /* Pods_JenkinsDemo_JenkinsDemoUITests.framework in Frameworks */,
			);
			runOnlyForDeploymentPostprocessing = 0;
		};
/* End PBXFrameworksBuildPhase section */

/* Begin PBXGroup section */
		25F672B80597E70FD3001B3A /* Pods */ = {
			isa = PBXGroup;
			children = (
				976C5FF287776DBE8316226E /* Pods-JenkinsDemo.debug.xcconfig */,
				0FEC24F52502A7C4FD3FD9B9 /* Pods-JenkinsDemo.release.xcconfig */,
				CE0B7DB86F82062FC7117265 /* Pods-JenkinsDemo-JenkinsDemoUITests.debug.xcconfig */,
				21BD72AF4DD2B018FA157E16 /* Pods-JenkinsDemo-JenkinsDemoUITests.release.xcconfig */,
				64E3CB7DCE1CCF89AAE91697 /* Pods-JenkinsDemoTests.debug.xcconfig */,
				CE5B08520A0D9CB100C1A31C /* Pods-JenkinsDemoTests.release.xcconfig */,
			);
			path = Pods;
			sourceTree = "<group>";
		};
		7AAB3A83609C757F248D0E55 /* Frameworks */ = {
			isa = PBXGroup;
			children = (
				D82C6B03E89801F5ED932297 /* Pods_JenkinsDemo.framework */,
				6EDA3BCA7D5A5A08F68D31D9 /* Pods_JenkinsDemo_JenkinsDemoUITests.framework */,
				A625AC524636FABA0B2829EB /* Pods_JenkinsDemoTests.framework */,
			);
			name = Frameworks;
			sourceTree = "<group>";
		};
		AF5FFC86276DA31A003FA50F = {
			isa = PBXGroup;
			children = (
				AF5FFC91276DA31A003FA50F /* JenkinsDemo */,
				AF5FFCA8276DA31F003FA50F /* JenkinsDemoTests */,
				AF5FFCB2276DA31F003FA50F /* JenkinsDemoUITests */,
				AF5FFC90276DA31A003FA50F /* Products */,
				25F672B80597E70FD3001B3A /* Pods */,
				7AAB3A83609C757F248D0E55 /* Frameworks */,
			);
			sourceTree = "<group>";
		};
		AF5FFC90276DA31A003FA50F /* Products */ = {
			isa = PBXGroup;
			children = (
				AF5FFC8F276DA31A003FA50F /* JenkinsDemo.app */,
				AF5FFCA5276DA31E003FA50F /* JenkinsDemoTests.xctest */,
				AF5FFCAF276DA31F003FA50F /* JenkinsDemoUITests.xctest */,
			);
			name = Products;
			sourceTree = "<group>";
		};
		AF5FFC91276DA31A003FA50F /* JenkinsDemo */ = {
			isa = PBXGroup;
			children = (
				AF5FFC92276DA31A003FA50F /* AppDelegate.swift */,
				AF5FFC94276DA31A003FA50F /* SceneDelegate.swift */,
				AF5FFC96276DA31A003FA50F /* ViewController.swift */,
				AF5FFC98276DA31A003FA50F /* Main.storyboard */,
				AF5FFC9B276DA31E003FA50F /* Assets.xcassets */,
				AF5FFC9D276DA31E003FA50F /* LaunchScreen.storyboard */,
				AF5FFCA0276DA31E003FA50F /* Info.plist */,
			);
			path = JenkinsDemo;
			sourceTree = "<group>";
		};
		AF5FFCA8276DA31F003FA50F /* JenkinsDemoTests */ = {
			isa = PBXGroup;
			children = (
				AF5FFCA9276DA31F003FA50F /* JenkinsDemoTests.swift */,
			);
			path = JenkinsDemoTests;
			sourceTree = "<group>";
		};
		AF5FFCB2276DA31F003FA50F /* JenkinsDemoUITests */ = {
			isa = PBXGroup;
			children = (
				AF5FFCB3276DA31F003FA50F /* JenkinsDemoUITests.swift */,
				AF5FFCB5276DA31F003FA50F /* JenkinsDemoUITestsLaunchTests.swift */,
			);
			path = JenkinsDemoUITests;
			sourceTree = "<group>";
		};
/* End PBXGroup section */

/* Begin PBXNativeTarget section */
		AF5FFC8E276DA31A003FA50F /* JenkinsDemo */ = {
			isa = PBXNativeTarget;
			buildConfigurationList = AF5FFCB9276DA31F003FA50F /* Build configuration list for PBXNativeTarget "JenkinsDemo" */;
			buildPhases = (
				5226FE910A2D1A6D2E4CE9A6 /* [CP] Check Pods Manifest.lock */,
				AF5FFC8B276DA31A003FA50F /* Sources */,
				AF5FFC8C276DA31A003FA50F /* Frameworks */,
				AF5FFC8D276DA31A003FA50F /* Resources */,
				108491B63A59D5B9848EAF96 /* [CP] Embed Pods Frameworks */,
			);
			buildRules = (
			);
			dependencies = (
			);
			name = JenkinsDemo;
			productName = JenkinsDemo;
			productReference = AF5FFC8F276DA31A003FA50F /* JenkinsDemo.app */;
			productType = "com.apple.product-type.application";
		};
		AF5FFCA4276DA31E003FA50F /* JenkinsDemoTests */ = {
			isa = PBXNativeTarget;
			buildConfigurationList = AF5FFCBC276DA31F003FA50F /* Build configuration list for PBXNativeTarget "JenkinsDemoTests" */;
			buildPhases = (
				6184B6A6BE6093D92C20EABD /* [CP] Check Pods Manifest.lock */,
				AF5FFCA1276DA31E003FA50F /* Sources */,
				AF5FFCA2276DA31E003FA50F /* Frameworks */,
				AF5FFCA3276DA31E003FA50F /* Resources */,
			);
			buildRules = (
			);
			dependencies = (
				AF5FFCA7276DA31E003FA50F /* PBXTargetDependency */,
			);
			name = JenkinsDemoTests;
			productName = JenkinsDemoTests;
			productReference = AF5FFCA5276DA31E003FA50F /* JenkinsDemoTests.xctest */;
			productType = "com.apple.product-type.bundle.unit-test";
		};
		AF5FFCAE276DA31F003FA50F /* JenkinsDemoUITests */ = {
			isa = PBXNativeTarget;
			buildConfigurationList = AF5FFCBF276DA31F003FA50F /* Build configuration list for PBXNativeTarget "JenkinsDemoUITests" */;
			buildPhases = (
				A75C9FF3267F5235250687B7 /* [CP] Check Pods Manifest.lock */,
				AF5FFCAB276DA31F003FA50F /* Sources */,
				AF5FFCAC276DA31F003FA50F /* Frameworks */,
				AF5FFCAD276DA31F003FA50F /* Resources */,
				FD9A2AF29C6186EA121B195C /* [CP] Embed Pods Frameworks */,
			);
			buildRules = (
			);
			dependencies = (
				AF5FFCB1276DA31F003FA50F /* PBXTargetDependency */,
			);
			name = JenkinsDemoUITests;
			productName = JenkinsDemoUITests;
			productReference = AF5FFCAF276DA31F003FA50F /* JenkinsDemoUITests.xctest */;
			productType = "com.apple.product-type.bundle.ui-testing";
		};
/* End PBXNativeTarget section */

/* Begin PBXProject section */
		AF5FFC87276DA31A003FA50F /* Project object */ = {
			isa = PBXProject;
			attributes = {
				BuildIndependentTargetsInParallel = 1;
				LastSwiftUpdateCheck = 1310;
				LastUpgradeCheck = 1310;
				TargetAttributes = {
					AF5FFC8E276DA31A003FA50F = {
						CreatedOnToolsVersion = 13.1;
					};
					AF5FFCA4276DA31E003FA50F = {
						CreatedOnToolsVersion = 13.1;
						TestTargetID = AF5FFC8E276DA31A003FA50F;
					};
					AF5FFCAE276DA31F003FA50F = {
						CreatedOnToolsVersion = 13.1;
						TestTargetID = AF5FFC8E276DA31A003FA50F;
					};
				};
			};
			buildConfigurationList = AF5FFC8A276DA31A003FA50F /* Build configuration list for PBXProject "JenkinsDemo" */;
			compatibilityVersion = "Xcode 13.0";
			developmentRegion = en;
			hasScannedForEncodings = 0;
			knownRegions = (
				en,
				Base,
			);
			mainGroup = AF5FFC86276DA31A003FA50F;
			productRefGroup = AF5FFC90276DA31A003FA50F /* Products */;
			projectDirPath = "";
			projectRoot = "";
			targets = (
				AF5FFC8E276DA31A003FA50F /* JenkinsDemo */,
				AF5FFCA4276DA31E003FA50F /* JenkinsDemoTests */,
				AF5FFCAE276DA31F003FA50F /* JenkinsDemoUITests */,
			);
		};
/* End PBXProject section */

/* Begin PBXResourcesBuildPhase section */
		AF5FFC8D276DA31A003FA50F /* Resources */ = {
			isa = PBXResourcesBuildPhase;
			buildActionMask = 2147483647;
			files = (
				AF5FFC9F276DA31E003FA50F /* LaunchScreen.storyboard in Resources */,
				AF5FFC9C276DA31E003FA50F /* Assets.xcassets in Resources */,
				AF5FFC9A276DA31A003FA50F /* Main.storyboard in Resources */,
			);
			runOnlyForDeploymentPostprocessing = 0;
		};
		AF5FFCA3276DA31E003FA50F /* Resources */ = {
			isa = PBXResourcesBuildPhase;
			buildActionMask = 2147483647;
			files = (
			);
			runOnlyForDeploymentPostprocessing = 0;
		};
		AF5FFCAD276DA31F003FA50F /* Resources */ = {
			isa = PBXResourcesBuildPhase;
			buildActionMask = 2147483647;
			files = (
			);
			runOnlyForDeploymentPostprocessing = 0;
		};
/* End PBXResourcesBuildPhase section */

/* Begin PBXShellScriptBuildPhase section */
		108491B63A59D5B9848EAF96 /* [CP] Embed Pods Frameworks */ = {
			isa = PBXShellScriptBuildPhase;
			buildActionMask = 2147483647;
			files = (
			);
			inputFileListPaths = (
				"${PODS_ROOT}/Target Support Files/Pods-JenkinsDemo/Pods-JenkinsDemo-frameworks-${CONFIGURATION}-input-files.xcfilelist",
			);
			name = "[CP] Embed Pods Frameworks";
			outputFileListPaths = (
				"${PODS_ROOT}/Target Support Files/Pods-JenkinsDemo/Pods-JenkinsDemo-frameworks-${CONFIGURATION}-output-files.xcfilelist",
			);
			runOnlyForDeploymentPostprocessing = 0;
			shellPath = /bin/sh;
			shellScript = "\"${PODS_ROOT}/Target Support Files/Pods-JenkinsDemo/Pods-JenkinsDemo-frameworks.sh\"\n";
			showEnvVarsInLog = 0;
		};
		5226FE910A2D1A6D2E4CE9A6 /* [CP] Check Pods Manifest.lock */ = {
			isa = PBXShellScriptBuildPhase;
			buildActionMask = 2147483647;
			files = (
			);
			inputFileListPaths = (
			);
			inputPaths = (
				"${PODS_PODFILE_DIR_PATH}/Podfile.lock",
				"${PODS_ROOT}/Manifest.lock",
			);
			name = "[CP] Check Pods Manifest.lock";
			outputFileListPaths = (
			);
			outputPaths = (
				"$(DERIVED_FILE_DIR)/Pods-JenkinsDemo-checkManifestLockResult.txt",
			);
			runOnlyForDeploymentPostprocessing = 0;
			shellPath = /bin/sh;
			shellScript = "diff \"${PODS_PODFILE_DIR_PATH}/Podfile.lock\" \"${PODS_ROOT}/Manifest.lock\" > /dev/null\nif [ $? != 0 ] ; then\n    # print error to STDERR\n    echo \"error: The sandbox is not in sync with the Podfile.lock. Run 'pod install' or update your CocoaPods installation.\" >&2\n    exit 1\nfi\n# This output is used by Xcode 'outputs' to avoid re-running this script phase.\necho \"SUCCESS\" > \"${SCRIPT_OUTPUT_FILE_0}\"\n";
			showEnvVarsInLog = 0;
		};
		6184B6A6BE6093D92C20EABD /* [CP] Check Pods Manifest.lock */ = {
			isa = PBXShellScriptBuildPhase;
			buildActionMask = 2147483647;
			files = (
			);
			inputFileListPaths = (
			);
			inputPaths = (
				"${PODS_PODFILE_DIR_PATH}/Podfile.lock",
				"${PODS_ROOT}/Manifest.lock",
			);
			name = "[CP] Check Pods Manifest.lock";
			outputFileListPaths = (
			);
			outputPaths = (
				"$(DERIVED_FILE_DIR)/Pods-JenkinsDemoTests-checkManifestLockResult.txt",
			);
			runOnlyForDeploymentPostprocessing = 0;
			shellPath = /bin/sh;
			shellScript = "diff \"${PODS_PODFILE_DIR_PATH}/Podfile.lock\" \"${PODS_ROOT}/Manifest.lock\" > /dev/null\nif [ $? != 0 ] ; then\n    # print error to STDERR\n    echo \"error: The sandbox is not in sync with the Podfile.lock. Run 'pod install' or update your CocoaPods installation.\" >&2\n    exit 1\nfi\n# This output is used by Xcode 'outputs' to avoid re-running this script phase.\necho \"SUCCESS\" > \"${SCRIPT_OUTPUT_FILE_0}\"\n";
			showEnvVarsInLog = 0;
		};
		A75C9FF3267F5235250687B7 /* [CP] Check Pods Manifest.lock */ = {
			isa = PBXShellScriptBuildPhase;
			buildActionMask = 2147483647;
			files = (
			);
			inputFileListPaths = (
			);
			inputPaths = (
				"${PODS_PODFILE_DIR_PATH}/Podfile.lock",
				"${PODS_ROOT}/Manifest.lock",
			);
			name = "[CP] Check Pods Manifest.lock";
			outputFileListPaths = (
			);
			outputPaths = (
				"$(DERIVED_FILE_DIR)/Pods-JenkinsDemo-JenkinsDemoUITests-checkManifestLockResult.txt",
			);
			runOnlyForDeploymentPostprocessing = 0;
			shellPath = /bin/sh;
			shellScript = "diff \"${PODS_PODFILE_DIR_PATH}/Podfile.lock\" \"${PODS_ROOT}/Manifest.lock\" > /dev/null\nif [ $? != 0 ] ; then\n    # print error to STDERR\n    echo \"error: The sandbox is not in sync with the Podfile.lock. Run 'pod install' or update your CocoaPods installation.\" >&2\n    exit 1\nfi\n# This output is used by Xcode 'outputs' to avoid re-running this script phase.\necho \"SUCCESS\" > \"${SCRIPT_OUTPUT_FILE_0}\"\n";
			showEnvVarsInLog = 0;
		};
		FD9A2AF29C6186EA121B195C /* [CP] Embed Pods Frameworks */ = {
			isa = PBXShellScriptBuildPhase;
			buildActionMask = 2147483647;
			files = (
			);
			inputFileListPaths = (
				"${PODS_ROOT}/Target Support Files/Pods-JenkinsDemo-JenkinsDemoUITests/Pods-JenkinsDemo-JenkinsDemoUITests-frameworks-${CONFIGURATION}-input-files.xcfilelist",
			);
			name = "[CP] Embed Pods Frameworks";
			outputFileListPaths = (
				"${PODS_ROOT}/Target Support Files/Pods-JenkinsDemo-JenkinsDemoUITests/Pods-JenkinsDemo-JenkinsDemoUITests-frameworks-${CONFIGURATION}-output-files.xcfilelist",
			);
			runOnlyForDeploymentPostprocessing = 0;
			shellPath = /bin/sh;
			shellScript = "\"${PODS_ROOT}/Target Support Files/Pods-JenkinsDemo-JenkinsDemoUITests/Pods-JenkinsDemo-JenkinsDemoUITests-frameworks.sh\"\n";
			showEnvVarsInLog = 0;
		};
/* End PBXShellScriptBuildPhase section */

/* Begin PBXSourcesBuildPhase section */
		AF5FFC8B276DA31A003FA50F /* Sources */ = {
			isa = PBXSourcesBuildPhase;
			buildActionMask = 2147483647;
			files = (
				AF5FFC97276DA31A003FA50F /* ViewController.swift in Sources */,
				AF5FFC93276DA31A003FA50F /* AppDelegate.swift in Sources */,
				AF5FFC95276DA31A003FA50F /* SceneDelegate.swift in Sources */,
			);
			runOnlyForDeploymentPostprocessing = 0;
		};
		AF5FFCA1276DA31E003FA50F /* Sources */ = {
			isa = PBXSourcesBuildPhase;
			buildActionMask = 2147483647;
			files = (
				AF5FFCAA276DA31F003FA50F /* JenkinsDemoTests.swift in Sources */,
			);
			runOnlyForDeploymentPostprocessing = 0;
		};
		AF5FFCAB276DA31F003FA50F /* Sources */ = {
			isa = PBXSourcesBuildPhase;
			buildActionMask = 2147483647;
			files = (
				AF5FFCB6276DA31F003FA50F /* JenkinsDemoUITestsLaunchTests.swift in Sources */,
				AF5FFCB4276DA31F003FA50F /* JenkinsDemoUITests.swift in Sources */,
			);
			runOnlyForDeploymentPostprocessing = 0;
		};
/* End PBXSourcesBuildPhase section */

/* Begin PBXTargetDependency section */
		AF5FFCA7276DA31E003FA50F /* PBXTargetDependency */ = {
			isa = PBXTargetDependency;
			target = AF5FFC8E276DA31A003FA50F /* JenkinsDemo */;
			targetProxy = AF5FFCA6276DA31E003FA50F /* PBXContainerItemProxy */;
		};
		AF5FFCB1276DA31F003FA50F /* PBXTargetDependency */ = {
			isa = PBXTargetDependency;
			target = AF5FFC8E276DA31A003FA50F /* JenkinsDemo */;
			targetProxy = AF5FFCB0276DA31F003FA50F /* PBXContainerItemProxy */;
		};
/* End PBXTargetDependency section */

/* Begin PBXVariantGroup section */
		AF5FFC98276DA31A003FA50F /* Main.storyboard */ = {
			isa = PBXVariantGroup;
			children = (
				AF5FFC99276DA31A003FA50F /* Base */,
			);
			name = Main.storyboard;
			sourceTree = "<group>";
		};
		AF5FFC9D276DA31E003FA50F /* LaunchScreen.storyboard */ = {
			isa = PBXVariantGroup;
			children = (
				AF5FFC9E276DA31E003FA50F /* Base */,
			);
			name = LaunchScreen.storyboard;
			sourceTree = "<group>";
		};
/* End PBXVariantGroup section */

/* Begin XCBuildConfiguration section */
		AF5FFCB7276DA31F003FA50F /* Debug */ = {
			isa = XCBuildConfiguration;
			buildSettings = {
				ALWAYS_SEARCH_USER_PATHS = NO;
				CLANG_ANALYZER_NONNULL = YES;
				CLANG_ANALYZER_NUMBER_OBJECT_CONVERSION = YES_AGGRESSIVE;
				CLANG_CXX_LANGUAGE_STANDARD = "gnu++17";
				CLANG_CXX_LIBRARY = "libc++";
				CLANG_ENABLE_MODULES = YES;
				CLANG_ENABLE_OBJC_ARC = YES;
				CLANG_ENABLE_OBJC_WEAK = YES;
				CLANG_WARN_BLOCK_CAPTURE_AUTORELEASING = YES;
				CLANG_WARN_BOOL_CONVERSION = YES;
				CLANG_WARN_COMMA = YES;
				CLANG_WARN_CONSTANT_CONVERSION = YES;
				CLANG_WARN_DEPRECATED_OBJC_IMPLEMENTATIONS = YES;
				CLANG_WARN_DIRECT_OBJC_ISA_USAGE = YES_ERROR;
				CLANG_WARN_DOCUMENTATION_COMMENTS = YES;
				CLANG_WARN_EMPTY_BODY = YES;
				CLANG_WARN_ENUM_CONVERSION = YES;
				CLANG_WARN_INFINITE_RECURSION = YES;
				CLANG_WARN_INT_CONVERSION = YES;
				CLANG_WARN_NON_LITERAL_NULL_CONVERSION = YES;
				CLANG_WARN_OBJC_IMPLICIT_RETAIN_SELF = YES;
				CLANG_WARN_OBJC_LITERAL_CONVERSION = YES;
				CLANG_WARN_OBJC_ROOT_CLASS = YES_ERROR;
				CLANG_WARN_QUOTED_INCLUDE_IN_FRAMEWORK_HEADER = YES;
				CLANG_WARN_RANGE_LOOP_ANALYSIS = YES;
				CLANG_WARN_STRICT_PROTOTYPES = YES;
				CLANG_WARN_SUSPICIOUS_MOVE = YES;
				CLANG_WARN_UNGUARDED_AVAILABILITY = YES_AGGRESSIVE;
				CLANG_WARN_UNREACHABLE_CODE = YES;
				CLANG_WARN__DUPLICATE_METHOD_MATCH = YES;
				COPY_PHASE_STRIP = NO;
				DEBUG_INFORMATION_FORMAT = dwarf;
				ENABLE_STRICT_OBJC_MSGSEND = YES;
				ENABLE_TESTABILITY = YES;
				GCC_C_LANGUAGE_STANDARD = gnu11;
				GCC_DYNAMIC_NO_PIC = NO;
				GCC_NO_COMMON_BLOCKS = YES;
				GCC_OPTIMIZATION_LEVEL = 0;
				GCC_PREPROCESSOR_DEFINITIONS = (
					"DEBUG=1",
					"$(inherited)",
				);
				GCC_WARN_64_TO_32_BIT_CONVERSION = YES;
				GCC_WARN_ABOUT_RETURN_TYPE = YES_ERROR;
				GCC_WARN_UNDECLARED_SELECTOR = YES;
				GCC_WARN_UNINITIALIZED_AUTOS = YES_AGGRESSIVE;
				GCC_WARN_UNUSED_FUNCTION = YES;
				GCC_WARN_UNUSED_VARIABLE = YES;
				IPHONEOS_DEPLOYMENT_TARGET = 13.0;
				MTL_ENABLE_DEBUG_INFO = INCLUDE_SOURCE;
				MTL_FAST_MATH = YES;
				ONLY_ACTIVE_ARCH = YES;
				SDKROOT = iphoneos;
				SWIFT_ACTIVE_COMPILATION_CONDITIONS = DEBUG;
				SWIFT_OPTIMIZATION_LEVEL = "-Onone";
			};
			name = Debug;
		};
		AF5FFCB8276DA31F003FA50F /* Release */ = {
			isa = XCBuildConfiguration;
			buildSettings = {
				ALWAYS_SEARCH_USER_PATHS = NO;
				CLANG_ANALYZER_NONNULL = YES;
				CLANG_ANALYZER_NUMBER_OBJECT_CONVERSION = YES_AGGRESSIVE;
				CLANG_CXX_LANGUAGE_STANDARD = "gnu++17";
				CLANG_CXX_LIBRARY = "libc++";
				CLANG_ENABLE_MODULES = YES;
				CLANG_ENABLE_OBJC_ARC = YES;
				CLANG_ENABLE_OBJC_WEAK = YES;
				CLANG_WARN_BLOCK_CAPTURE_AUTORELEASING = YES;
				CLANG_WARN_BOOL_CONVERSION = YES;
				CLANG_WARN_COMMA = YES;
				CLANG_WARN_CONSTANT_CONVERSION = YES;
				CLANG_WARN_DEPRECATED_OBJC_IMPLEMENTATIONS = YES;
				CLANG_WARN_DIRECT_OBJC_ISA_USAGE = YES_ERROR;
				CLANG_WARN_DOCUMENTATION_COMMENTS = YES;
				CLANG_WARN_EMPTY_BODY = YES;
				CLANG_WARN_ENUM_CONVERSION = YES;
				CLANG_WARN_INFINITE_RECURSION = YES;
				CLANG_WARN_INT_CONVERSION = YES;
				CLANG_WARN_NON_LITERAL_NULL_CONVERSION = YES;
				CLANG_WARN_OBJC_IMPLICIT_RETAIN_SELF = YES;
				CLANG_WARN_OBJC_LITERAL_CONVERSION = YES;
				CLANG_WARN_OBJC_ROOT_CLASS = YES_ERROR;
				CLANG_WARN_QUOTED_INCLUDE_IN_FRAMEWORK_HEADER = YES;
				CLANG_WARN_RANGE_LOOP_ANALYSIS = YES;
				CLANG_WARN_STRICT_PROTOTYPES = YES;
				CLANG_WARN_SUSPICIOUS_MOVE = YES;
				CLANG_WARN_UNGUARDED_AVAILABILITY = YES_AGGRESSIVE;
				CLANG_WARN_UNREACHABLE_CODE = YES;
				CLANG_WARN__DUPLICATE_METHOD_MATCH = YES;
				COPY_PHASE_STRIP = NO;
				DEBUG_INFORMATION_FORMAT = "dwarf-with-dsym";
				ENABLE_NS_ASSERTIONS = NO;
				ENABLE_STRICT_OBJC_MSGSEND = YES;
				GCC_C_LANGUAGE_STANDARD = gnu11;
				GCC_NO_COMMON_BLOCKS = YES;
				GCC_WARN_64_TO_32_BIT_CONVERSION = YES;
				GCC_WARN_ABOUT_RETURN_TYPE = YES_ERROR;
				GCC_WARN_UNDECLARED_SELECTOR = YES;
				GCC_WARN_UNINITIALIZED_AUTOS = YES_AGGRESSIVE;
				GCC_WARN_UNUSED_FUNCTION = YES;
				GCC_WARN_UNUSED_VARIABLE = YES;
				IPHONEOS_DEPLOYMENT_TARGET = 13.0;
				MTL_ENABLE_DEBUG_INFO = NO;
				MTL_FAST_MATH = YES;
				SDKROOT = iphoneos;
				SWIFT_COMPILATION_MODE = wholemodule;
				SWIFT_OPTIMIZATION_LEVEL = "-O";
				VALIDATE_PRODUCT = YES;
			};
			name = Release;
		};
		AF5FFCBA276DA31F003FA50F /* Debug */ = {
			isa = XCBuildConfiguration;
			baseConfigurationReference = 976C5FF287776DBE8316226E /* Pods-JenkinsDemo.debug.xcconfig */;
			buildSettings = {
				ASSETCATALOG_COMPILER_APPICON_NAME = AppIcon;
				ASSETCATALOG_COMPILER_GLOBAL_ACCENT_COLOR_NAME = AccentColor;
				CODE_SIGN_IDENTITY = "Apple Development";
				CODE_SIGN_STYLE = Automatic;
				CURRENT_PROJECT_VERSION = 2;
				DEVELOPMENT_TEAM = 2662UMC466;
				GENERATE_INFOPLIST_FILE = YES;
				INFOPLIST_FILE = JenkinsDemo/Info.plist;
				INFOPLIST_KEY_UIApplicationSupportsIndirectInputEvents = YES;
				INFOPLIST_KEY_UILaunchStoryboardName = LaunchScreen;
				INFOPLIST_KEY_UIMainStoryboardFile = Main;
				INFOPLIST_KEY_UISupportedInterfaceOrientations_iPad = "UIInterfaceOrientationPortrait UIInterfaceOrientationPortraitUpsideDown UIInterfaceOrientationLandscapeLeft UIInterfaceOrientationLandscapeRight";
				INFOPLIST_KEY_UISupportedInterfaceOrientations_iPhone = "UIInterfaceOrientationPortrait UIInterfaceOrientationLandscapeLeft UIInterfaceOrientationLandscapeRight";
				IPHONEOS_DEPLOYMENT_TARGET = 13.0;
				LD_RUNPATH_SEARCH_PATHS = (
					"$(inherited)",
					"@executable_path/Frameworks",
				);
				MARKETING_VERSION = 1.0;
				PRODUCT_BUNDLE_IDENTIFIER = com.tothenew.rohankanoo;
				PRODUCT_NAME = "$(TARGET_NAME)";
				PROVISIONING_PROFILE_SPECIFIER = "";
				SWIFT_EMIT_LOC_STRINGS = YES;
				SWIFT_VERSION = 5.0;
				TARGETED_DEVICE_FAMILY = "1,2";
			};
			name = Debug;
		};
		AF5FFCBB276DA31F003FA50F /* Release */ = {
			isa = XCBuildConfiguration;
			baseConfigurationReference = 0FEC24F52502A7C4FD3FD9B9 /* Pods-JenkinsDemo.release.xcconfig */;
			buildSettings = {
				ASSETCATALOG_COMPILER_APPICON_NAME = AppIcon;
				ASSETCATALOG_COMPILER_GLOBAL_ACCENT_COLOR_NAME = AccentColor;
				CODE_SIGN_IDENTITY = "iPhone Distribution";
				CODE_SIGN_STYLE = Manual;
				CURRENT_PROJECT_VERSION = 2;
				DEVELOPMENT_TEAM = WEXSM3M527;
				GENERATE_INFOPLIST_FILE = YES;
				INFOPLIST_FILE = JenkinsDemo/Info.plist;
				INFOPLIST_KEY_UIApplicationSupportsIndirectInputEvents = YES;
				INFOPLIST_KEY_UILaunchStoryboardName = LaunchScreen;
				INFOPLIST_KEY_UIMainStoryboardFile = Main;
				INFOPLIST_KEY_UISupportedInterfaceOrientations_iPad = "UIInterfaceOrientationPortrait UIInterfaceOrientationPortraitUpsideDown UIInterfaceOrientationLandscapeLeft UIInterfaceOrientationLandscapeRight";
				INFOPLIST_KEY_UISupportedInterfaceOrientations_iPhone = "UIInterfaceOrientationPortrait UIInterfaceOrientationLandscapeLeft UIInterfaceOrientationLandscapeRight";
				IPHONEOS_DEPLOYMENT_TARGET = 13.0;
				LD_RUNPATH_SEARCH_PATHS = (
					"$(inherited)",
					"@executable_path/Frameworks",
				);
				MARKETING_VERSION = 1.0;
				PRODUCT_BUNDLE_IDENTIFIER = com.cicd.ttndemo;
				PRODUCT_NAME = "$(TARGET_NAME)";
				PROVISIONING_PROFILE_SPECIFIER = JenkinsKSSDemoProfile;
				SWIFT_EMIT_LOC_STRINGS = YES;
				SWIFT_VERSION = 5.0;
				TARGETED_DEVICE_FAMILY = "1,2";
			};
			name = Release;
		};
		AF5FFCBD276DA31F003FA50F /* Debug */ = {
			isa = XCBuildConfiguration;
			baseConfigurationReference = 64E3CB7DCE1CCF89AAE91697 /* Pods-JenkinsDemoTests.debug.xcconfig */;
			buildSettings = {
				ALWAYS_EMBED_SWIFT_STANDARD_LIBRARIES = YES;
				BUNDLE_LOADER = "$(TEST_HOST)";
				CODE_SIGN_STYLE = Automatic;
				CURRENT_PROJECT_VERSION = 1;
				DEVELOPMENT_TEAM = 2662UMC466;
				GENERATE_INFOPLIST_FILE = YES;
				IPHONEOS_DEPLOYMENT_TARGET = 15.0;
				LD_RUNPATH_SEARCH_PATHS = (
					"$(inherited)",
					"@executable_path/Frameworks",
					"@loader_path/Frameworks",
				);
				MARKETING_VERSION = 1.0;
				PRODUCT_BUNDLE_IDENTIFIER = com.tothenew.JenkinsDemoTests;
				PRODUCT_NAME = "$(TARGET_NAME)";
				SWIFT_EMIT_LOC_STRINGS = NO;
				SWIFT_VERSION = 5.0;
				TARGETED_DEVICE_FAMILY = "1,2";
				TEST_HOST = "$(BUILT_PRODUCTS_DIR)/JenkinsDemo.app/JenkinsDemo";
			};
			name = Debug;
		};
		AF5FFCBE276DA31F003FA50F /* Release */ = {
			isa = XCBuildConfiguration;
			baseConfigurationReference = CE5B08520A0D9CB100C1A31C /* Pods-JenkinsDemoTests.release.xcconfig */;
			buildSettings = {
				ALWAYS_EMBED_SWIFT_STANDARD_LIBRARIES = YES;
				BUNDLE_LOADER = "$(TEST_HOST)";
				CODE_SIGN_STYLE = Automatic;
				CURRENT_PROJECT_VERSION = 1;
				DEVELOPMENT_TEAM = 2662UMC466;
				GENERATE_INFOPLIST_FILE = YES;
				IPHONEOS_DEPLOYMENT_TARGET = 15.0;
				LD_RUNPATH_SEARCH_PATHS = (
					"$(inherited)",
					"@executable_path/Frameworks",
					"@loader_path/Frameworks",
				);
				MARKETING_VERSION = 1.0;
				PRODUCT_BUNDLE_IDENTIFIER = com.tothenew.JenkinsDemoTests;
				PRODUCT_NAME = "$(TARGET_NAME)";
				SWIFT_EMIT_LOC_STRINGS = NO;
				SWIFT_VERSION = 5.0;
				TARGETED_DEVICE_FAMILY = "1,2";
				TEST_HOST = "$(BUILT_PRODUCTS_DIR)/JenkinsDemo.app/JenkinsDemo";
			};
			name = Release;
		};
		AF5FFCC0276DA31F003FA50F /* Debug */ = {
			isa = XCBuildConfiguration;
			baseConfigurationReference = CE0B7DB86F82062FC7117265 /* Pods-JenkinsDemo-JenkinsDemoUITests.debug.xcconfig */;
			buildSettings = {
				ALWAYS_EMBED_SWIFT_STANDARD_LIBRARIES = YES;
				CODE_SIGN_STYLE = Automatic;
				CURRENT_PROJECT_VERSION = 1;
				DEVELOPMENT_TEAM = 2662UMC466;
				GENERATE_INFOPLIST_FILE = YES;
				LD_RUNPATH_SEARCH_PATHS = (
					"$(inherited)",
					"@executable_path/Frameworks",
					"@loader_path/Frameworks",
				);
				MARKETING_VERSION = 1.0;
				PRODUCT_BUNDLE_IDENTIFIER = com.tothenew.JenkinsDemoUITests;
				PRODUCT_NAME = "$(TARGET_NAME)";
				SWIFT_EMIT_LOC_STRINGS = NO;
				SWIFT_VERSION = 5.0;
				TARGETED_DEVICE_FAMILY = "1,2";
				TEST_TARGET_NAME = JenkinsDemo;
			};
			name = Debug;
		};
		AF5FFCC1276DA31F003FA50F /* Release */ = {
			isa = XCBuildConfiguration;
			baseConfigurationReference = 21BD72AF4DD2B018FA157E16 /* Pods-JenkinsDemo-JenkinsDemoUITests.release.xcconfig */;
			buildSettings = {
				ALWAYS_EMBED_SWIFT_STANDARD_LIBRARIES = YES;
				CODE_SIGN_STYLE = Automatic;
				CURRENT_PROJECT_VERSION = 1;
				DEVELOPMENT_TEAM = 2662UMC466;
				GENERATE_INFOPLIST_FILE = YES;
				LD_RUNPATH_SEARCH_PATHS = (
					"$(inherited)",
					"@executable_path/Frameworks",
					"@loader_path/Frameworks",
				);
				MARKETING_VERSION = 1.0;
				PRODUCT_BUNDLE_IDENTIFIER = com.tothenew.JenkinsDemoUITests;
				PRODUCT_NAME = "$(TARGET_NAME)";
				SWIFT_EMIT_LOC_STRINGS = NO;
				SWIFT_VERSION = 5.0;
				TARGETED_DEVICE_FAMILY = "1,2";
				TEST_TARGET_NAME = JenkinsDemo;
			};
			name = Release;
		};
/* End XCBuildConfiguration section */

/* Begin XCConfigurationList section */
		AF5FFC8A276DA31A003FA50F /* Build configuration list for PBXProject "JenkinsDemo" */ = {
			isa = XCConfigurationList;
			buildConfigurations = (
				AF5FFCB7276DA31F003FA50F /* Debug */,
				AF5FFCB8276DA31F003FA50F /* Release */,
			);
			defaultConfigurationIsVisible = 0;
			defaultConfigurationName = Release;
		};
		AF5FFCB9276DA31F003FA50F /* Build configuration list for PBXNativeTarget "JenkinsDemo" */ = {
			isa = XCConfigurationList;
			buildConfigurations = (
				AF5FFCBA276DA31F003FA50F /* Debug */,
				AF5FFCBB276DA31F003FA50F /* Release */,
			);
			defaultConfigurationIsVisible = 0;
			defaultConfigurationName = Release;
		};
		AF5FFCBC276DA31F003FA50F /* Build configuration list for PBXNativeTarget "JenkinsDemoTests" */ = {
			isa = XCConfigurationList;
			buildConfigurations = (
				AF5FFCBD276DA31F003FA50F /* Debug */,
				AF5FFCBE276DA31F003FA50F /* Release */,
			);
			defaultConfigurationIsVisible = 0;
			defaultConfigurationName = Release;
		};
		AF5FFCBF276DA31F003FA50F /* Build configuration list for PBXNativeTarget "JenkinsDemoUITests" */ = {
			isa = XCConfigurationList;
			buildConfigurations = (
				AF5FFCC0276DA31F003FA50F /* Debug */,
				AF5FFCC1276DA31F003FA50F /* Release */,
			);
			defaultConfigurationIsVisible = 0;
			defaultConfigurationName = Release;
		};
/* End XCConfigurationList section */
	};
	rootObject = AF5FFC87276DA31A003FA50F /* Project object */;
}
